// !$*UTF8*$!
{
	archiveVersion = 1;
	classes = {
	};
	objectVersion = 46;
	objects = {

/* Begin PBXBuildFile section */
		B42C70CB1C97BFDD003AA87C /* Assets.xcassets in Resources */ = {isa = PBXBuildFile; fileRef = B42C70CA1C97BFDD003AA87C /* Assets.xcassets */; };
		B42C70CE1C97BFDD003AA87C /* LaunchScreen.storyboard in Resources */ = {isa = PBXBuildFile; fileRef = B42C70CC1C97BFDD003AA87C /* LaunchScreen.storyboard */; };
		B42C70E41C97C24E003AA87C /* Alamofire.framework in Frameworks */ = {isa = PBXBuildFile; fileRef = B42C70DF1C97C24E003AA87C /* Alamofire.framework */; };
		B42C70E51C97C24E003AA87C /* Alamofire.framework in Embed Frameworks */ = {isa = PBXBuildFile; fileRef = B42C70DF1C97C24E003AA87C /* Alamofire.framework */; settings = {ATTRIBUTES = (CodeSignOnCopy, RemoveHeadersOnCopy, ); }; };
		B42C70E61C97C24E003AA87C /* JASON.framework in Frameworks */ = {isa = PBXBuildFile; fileRef = B42C70E01C97C24E003AA87C /* JASON.framework */; };
		B42C70E71C97C24E003AA87C /* JASON.framework in Embed Frameworks */ = {isa = PBXBuildFile; fileRef = B42C70E01C97C24E003AA87C /* JASON.framework */; settings = {ATTRIBUTES = (CodeSignOnCopy, RemoveHeadersOnCopy, ); }; };
		B42C70EA1C97C24E003AA87C /* SwiftOverlays.framework in Frameworks */ = {isa = PBXBuildFile; fileRef = B42C70E21C97C24E003AA87C /* SwiftOverlays.framework */; };
		B42C70EB1C97C24E003AA87C /* SwiftOverlays.framework in Embed Frameworks */ = {isa = PBXBuildFile; fileRef = B42C70E21C97C24E003AA87C /* SwiftOverlays.framework */; settings = {ATTRIBUTES = (CodeSignOnCopy, RemoveHeadersOnCopy, ); }; };
		B42C70EC1C97C24E003AA87C /* Swiftz.framework in Frameworks */ = {isa = PBXBuildFile; fileRef = B42C70E31C97C24E003AA87C /* Swiftz.framework */; };
		B42C70ED1C97C24E003AA87C /* Swiftz.framework in Embed Frameworks */ = {isa = PBXBuildFile; fileRef = B42C70E31C97C24E003AA87C /* Swiftz.framework */; settings = {ATTRIBUTES = (CodeSignOnCopy, RemoveHeadersOnCopy, ); }; };
		B42C70F01C97C26B003AA87C /* Cartfile in Resources */ = {isa = PBXBuildFile; fileRef = B42C70EF1C97C26B003AA87C /* Cartfile */; };
		B42C70FB1C988394003AA87C /* Cartography.framework in Frameworks */ = {isa = PBXBuildFile; fileRef = B42C70FA1C988394003AA87C /* Cartography.framework */; };
		B42C70FC1C988394003AA87C /* Cartography.framework in Embed Frameworks */ = {isa = PBXBuildFile; fileRef = B42C70FA1C988394003AA87C /* Cartography.framework */; settings = {ATTRIBUTES = (CodeSignOnCopy, RemoveHeadersOnCopy, ); }; };
		B46E6C691C99D6E2000E580E /* App.swift in Sources */ = {isa = PBXBuildFile; fileRef = B42C70C61C97BFDD003AA87C /* App.swift */; };
		B46E6C6F1C99D90A000E580E /* IndexController.swift in Sources */ = {isa = PBXBuildFile; fileRef = B46E6C6E1C99D90A000E580E /* IndexController.swift */; };
		B46E6C7D1C99DA64000E580E /* elements.swift in Sources */ = {isa = PBXBuildFile; fileRef = B46E6C791C99DA64000E580E /* elements.swift */; };
		B46E6C7E1C99DA64000E580E /* fetch.swift in Sources */ = {isa = PBXBuildFile; fileRef = B46E6C7A1C99DA64000E580E /* fetch.swift */; };
		B46E6C7F1C99DA64000E580E /* future.swift in Sources */ = {isa = PBXBuildFile; fileRef = B46E6C7B1C99DA64000E580E /* future.swift */; };
		B46E6C801C99DA64000E580E /* overlay.swift in Sources */ = {isa = PBXBuildFile; fileRef = B46E6C7C1C99DA64000E580E /* overlay.swift */; };
		B46E6C831C99DA83000E580E /* IndexView.swift in Sources */ = {isa = PBXBuildFile; fileRef = B46E6C821C99DA83000E580E /* IndexView.swift */; };
		B4F73AB31C98AE87002EA4DE /* Result.framework in Frameworks */ = {isa = PBXBuildFile; fileRef = B4F73AB21C98AE87002EA4DE /* Result.framework */; };
		B4F73AB41C98AE87002EA4DE /* Result.framework in Embed Frameworks */ = {isa = PBXBuildFile; fileRef = B4F73AB21C98AE87002EA4DE /* Result.framework */; settings = {ATTRIBUTES = (CodeSignOnCopy, RemoveHeadersOnCopy, ); }; };
		B4F73AB61C98AE9F002EA4DE /* BrightFutures.framework in Frameworks */ = {isa = PBXBuildFile; fileRef = B4F73AB51C98AE9F002EA4DE /* BrightFutures.framework */; };
		B4F73AB71C98AE9F002EA4DE /* BrightFutures.framework in Embed Frameworks */ = {isa = PBXBuildFile; fileRef = B4F73AB51C98AE9F002EA4DE /* BrightFutures.framework */; settings = {ATTRIBUTES = (CodeSignOnCopy, RemoveHeadersOnCopy, ); }; };
		B4F73ABE1C98C726002EA4DE /* Bond.framework in Frameworks */ = {isa = PBXBuildFile; fileRef = B4F73ABD1C98C726002EA4DE /* Bond.framework */; };
		B4F73ABF1C98C726002EA4DE /* Bond.framework in Embed Frameworks */ = {isa = PBXBuildFile; fileRef = B4F73ABD1C98C726002EA4DE /* Bond.framework */; settings = {ATTRIBUTES = (CodeSignOnCopy, RemoveHeadersOnCopy, ); }; };
		B4F73AC51C98D88A002EA4DE /* Controllers in Resources */ = {isa = PBXBuildFile; fileRef = B4F73AC21C98D88A002EA4DE /* Controllers */; };
/* End PBXBuildFile section */

/* Begin PBXCopyFilesBuildPhase section */
		B42C70EE1C97C24E003AA87C /* Embed Frameworks */ = {
			isa = PBXCopyFilesBuildPhase;
			buildActionMask = 2147483647;
			dstPath = "";
			dstSubfolderSpec = 10;
			files = (
				B42C70EB1C97C24E003AA87C /* SwiftOverlays.framework in Embed Frameworks */,
				B42C70ED1C97C24E003AA87C /* Swiftz.framework in Embed Frameworks */,
				B42C70FC1C988394003AA87C /* Cartography.framework in Embed Frameworks */,
				B4F73AB41C98AE87002EA4DE /* Result.framework in Embed Frameworks */,
				B42C70E71C97C24E003AA87C /* JASON.framework in Embed Frameworks */,
				B4F73ABF1C98C726002EA4DE /* Bond.framework in Embed Frameworks */,
				B4F73AB71C98AE9F002EA4DE /* BrightFutures.framework in Embed Frameworks */,
				B42C70E51C97C24E003AA87C /* Alamofire.framework in Embed Frameworks */,
			);
			name = "Embed Frameworks";
			runOnlyForDeploymentPostprocessing = 0;
		};
/* End PBXCopyFilesBuildPhase section */

/* Begin PBXFileReference section */
		B42C70C31C97BFDD003AA87C /* JSON Viewer.app */ = {isa = PBXFileReference; explicitFileType = wrapper.application; includeInIndex = 0; path = "JSON Viewer.app"; sourceTree = BUILT_PRODUCTS_DIR; };
		B42C70C61C97BFDD003AA87C /* App.swift */ = {isa = PBXFileReference; lastKnownFileType = sourcecode.swift; path = App.swift; sourceTree = "<group>"; };
		B42C70CA1C97BFDD003AA87C /* Assets.xcassets */ = {isa = PBXFileReference; lastKnownFileType = folder.assetcatalog; path = Assets.xcassets; sourceTree = "<group>"; };
		B42C70CD1C97BFDD003AA87C /* Base */ = {isa = PBXFileReference; lastKnownFileType = file.storyboard; name = Base; path = Base.lproj/LaunchScreen.storyboard; sourceTree = "<group>"; };
		B42C70CF1C97BFDD003AA87C /* Info.plist */ = {isa = PBXFileReference; lastKnownFileType = text.plist.xml; path = Info.plist; sourceTree = "<group>"; };
		B42C70DF1C97C24E003AA87C /* Alamofire.framework */ = {isa = PBXFileReference; lastKnownFileType = wrapper.framework; name = Alamofire.framework; path = Carthage/Build/iOS/Alamofire.framework; sourceTree = "<group>"; };
		B42C70E01C97C24E003AA87C /* JASON.framework */ = {isa = PBXFileReference; lastKnownFileType = wrapper.framework; name = JASON.framework; path = Carthage/Build/iOS/JASON.framework; sourceTree = "<group>"; };
		B42C70E21C97C24E003AA87C /* SwiftOverlays.framework */ = {isa = PBXFileReference; lastKnownFileType = wrapper.framework; name = SwiftOverlays.framework; path = Carthage/Build/iOS/SwiftOverlays.framework; sourceTree = "<group>"; };
		B42C70E31C97C24E003AA87C /* Swiftz.framework */ = {isa = PBXFileReference; lastKnownFileType = wrapper.framework; name = Swiftz.framework; path = Carthage/Build/iOS/Swiftz.framework; sourceTree = "<group>"; };
		B42C70EF1C97C26B003AA87C /* Cartfile */ = {isa = PBXFileReference; fileEncoding = 4; lastKnownFileType = text; path = Cartfile; sourceTree = "<group>"; };
		B42C70FA1C988394003AA87C /* Cartography.framework */ = {isa = PBXFileReference; lastKnownFileType = wrapper.framework; name = Cartography.framework; path = Carthage/Build/iOS/Cartography.framework; sourceTree = "<group>"; };
		B46E6C6E1C99D90A000E580E /* IndexController.swift */ = {isa = PBXFileReference; fileEncoding = 4; lastKnownFileType = sourcecode.swift; name = IndexController.swift; path = Controllers/IndexController.swift; sourceTree = "<group>"; };
		B46E6C791C99DA64000E580E /* elements.swift */ = {isa = PBXFileReference; fileEncoding = 4; lastKnownFileType = sourcecode.swift; name = elements.swift; path = Library/elements.swift; sourceTree = "<group>"; };
		B46E6C7A1C99DA64000E580E /* fetch.swift */ = {isa = PBXFileReference; fileEncoding = 4; lastKnownFileType = sourcecode.swift; name = fetch.swift; path = Library/fetch.swift; sourceTree = "<group>"; };
		B46E6C7B1C99DA64000E580E /* future.swift */ = {isa = PBXFileReference; fileEncoding = 4; lastKnownFileType = sourcecode.swift; name = future.swift; path = Library/future.swift; sourceTree = "<group>"; };
		B46E6C7C1C99DA64000E580E /* overlay.swift */ = {isa = PBXFileReference; fileEncoding = 4; lastKnownFileType = sourcecode.swift; name = overlay.swift; path = Library/overlay.swift; sourceTree = "<group>"; };
		B46E6C821C99DA83000E580E /* IndexView.swift */ = {isa = PBXFileReference; fileEncoding = 4; lastKnownFileType = sourcecode.swift; name = IndexView.swift; path = Views/IndexView.swift; sourceTree = "<group>"; };
		B4F73AB21C98AE87002EA4DE /* Result.framework */ = {isa = PBXFileReference; lastKnownFileType = wrapper.framework; name = Result.framework; path = Carthage/Build/iOS/Result.framework; sourceTree = "<group>"; };
		B4F73AB51C98AE9F002EA4DE /* BrightFutures.framework */ = {isa = PBXFileReference; lastKnownFileType = wrapper.framework; name = BrightFutures.framework; path = Carthage/Build/iOS/BrightFutures.framework; sourceTree = "<group>"; };
		B4F73ABD1C98C726002EA4DE /* Bond.framework */ = {isa = PBXFileReference; lastKnownFileType = wrapper.framework; name = Bond.framework; path = Carthage/Build/iOS/Bond.framework; sourceTree = "<group>"; };
		B4F73AC21C98D88A002EA4DE /* Controllers */ = {isa = PBXFileReference; lastKnownFileType = folder; name = Controllers; path = "/Users/stevenvandevelde/Xcode/JSON Viewer/JSON Viewer/Controllers"; sourceTree = "<absolute>"; };
/* End PBXFileReference section */

/* Begin PBXFrameworksBuildPhase section */
		B42C70C01C97BFDD003AA87C /* Frameworks */ = {
			isa = PBXFrameworksBuildPhase;
			buildActionMask = 2147483647;
			files = (
				B42C70EA1C97C24E003AA87C /* SwiftOverlays.framework in Frameworks */,
				B42C70EC1C97C24E003AA87C /* Swiftz.framework in Frameworks */,
				B42C70FB1C988394003AA87C /* Cartography.framework in Frameworks */,
				B4F73AB31C98AE87002EA4DE /* Result.framework in Frameworks */,
				B42C70E61C97C24E003AA87C /* JASON.framework in Frameworks */,
				B4F73ABE1C98C726002EA4DE /* Bond.framework in Frameworks */,
				B4F73AB61C98AE9F002EA4DE /* BrightFutures.framework in Frameworks */,
				B42C70E41C97C24E003AA87C /* Alamofire.framework in Frameworks */,
			);
			runOnlyForDeploymentPostprocessing = 0;
		};
/* End PBXFrameworksBuildPhase section */

/* Begin PBXGroup section */
		B42C70BA1C97BFDD003AA87C = {
			isa = PBXGroup;
			children = (
				B4F73ABD1C98C726002EA4DE /* Bond.framework */,
				B4F73AB51C98AE9F002EA4DE /* BrightFutures.framework */,
				B4F73AB21C98AE87002EA4DE /* Result.framework */,
				B42C70FA1C988394003AA87C /* Cartography.framework */,
				B42C70DF1C97C24E003AA87C /* Alamofire.framework */,
				B42C70E01C97C24E003AA87C /* JASON.framework */,
				B42C70E21C97C24E003AA87C /* SwiftOverlays.framework */,
				B42C70E31C97C24E003AA87C /* Swiftz.framework */,
				B42C70EF1C97C26B003AA87C /* Cartfile */,
				B42C70C51C97BFDD003AA87C /* JSON Viewer */,
				B42C70C41C97BFDD003AA87C /* Products */,
			);
			sourceTree = "<group>";
		};
		B42C70C41C97BFDD003AA87C /* Products */ = {
			isa = PBXGroup;
			children = (
				B42C70C31C97BFDD003AA87C /* JSON Viewer.app */,
			);
			name = Products;
			sourceTree = "<group>";
		};
		B42C70C51C97BFDD003AA87C /* JSON Viewer */ = {
			isa = PBXGroup;
			children = (
				B42C70F31C97D88E003AA87C /* Assets */,
				B46E6C701C99D9EE000E580E /* Controllers */,
				B46E6C811C99DA6D000E580E /* Library */,
				B46E6C841C99DA87000E580E /* Views */,
				B42C70C61C97BFDD003AA87C /* App.swift */,
				B42C70CF1C97BFDD003AA87C /* Info.plist */,
			);
			path = "JSON Viewer";
			sourceTree = "<group>";
		};
		B42C70F31C97D88E003AA87C /* Assets */ = {
			isa = PBXGroup;
			children = (
				B42C70CA1C97BFDD003AA87C /* Assets.xcassets */,
				B42C70CC1C97BFDD003AA87C /* LaunchScreen.storyboard */,
			);
			name = Assets;
			sourceTree = "<group>";
		};
		B46E6C701C99D9EE000E580E /* Controllers */ = {
			isa = PBXGroup;
			children = (
				B46E6C6E1C99D90A000E580E /* IndexController.swift */,
			);
			name = Controllers;
			sourceTree = "<group>";
		};
		B46E6C811C99DA6D000E580E /* Library */ = {
			isa = PBXGroup;
			children = (
				B46E6C791C99DA64000E580E /* elements.swift */,
				B46E6C7A1C99DA64000E580E /* fetch.swift */,
				B46E6C7B1C99DA64000E580E /* future.swift */,
				B46E6C7C1C99DA64000E580E /* overlay.swift */,
			);
			name = Library;
			sourceTree = "<group>";
		};
		B46E6C841C99DA87000E580E /* Views */ = {
			isa = PBXGroup;
			children = (
				B46E6C821C99DA83000E580E /* IndexView.swift */,
			);
			name = Views;
			sourceTree = "<group>";
		};
/* End PBXGroup section */

/* Begin PBXNativeTarget section */
		B42C70C21C97BFDD003AA87C /* JSON Viewer */ = {
			isa = PBXNativeTarget;
			buildConfigurationList = B42C70D21C97BFDD003AA87C /* Build configuration list for PBXNativeTarget "JSON Viewer" */;
			buildPhases = (
				B42C70BF1C97BFDD003AA87C /* Sources */,
				B42C70C01C97BFDD003AA87C /* Frameworks */,
				B42C70C11C97BFDD003AA87C /* Resources */,
				B42C70EE1C97C24E003AA87C /* Embed Frameworks */,
			);
			buildRules = (
			);
			dependencies = (
			);
			name = "JSON Viewer";
			productName = "JSON Viewer";
			productReference = B42C70C31C97BFDD003AA87C /* JSON Viewer.app */;
			productType = "com.apple.product-type.application";
		};
/* End PBXNativeTarget section */

/* Begin PBXProject section */
		B42C70BB1C97BFDD003AA87C /* Project object */ = {
			isa = PBXProject;
			attributes = {
				LastSwiftUpdateCheck = 0720;
				LastUpgradeCheck = 0720;
				ORGANIZATIONNAME = "Steven Vandevelde";
				TargetAttributes = {
					B42C70C21C97BFDD003AA87C = {
						CreatedOnToolsVersion = 7.2.1;
						DevelopmentTeam = 935V4BQT5P;
					};
				};
			};
			buildConfigurationList = B42C70BE1C97BFDD003AA87C /* Build configuration list for PBXProject "JSON Viewer" */;
			compatibilityVersion = "Xcode 3.2";
			developmentRegion = English;
			hasScannedForEncodings = 0;
			knownRegions = (
				en,
				Base,
			);
			mainGroup = B42C70BA1C97BFDD003AA87C;
			productRefGroup = B42C70C41C97BFDD003AA87C /* Products */;
			projectDirPath = "";
			projectRoot = "";
			targets = (
				B42C70C21C97BFDD003AA87C /* JSON Viewer */,
			);
		};
/* End PBXProject section */

/* Begin PBXResourcesBuildPhase section */
		B42C70C11C97BFDD003AA87C /* Resources */ = {
			isa = PBXResourcesBuildPhase;
			buildActionMask = 2147483647;
			files = (
				B42C70CB1C97BFDD003AA87C /* Assets.xcassets in Resources */,
				B4F73AC51C98D88A002EA4DE /* Controllers in Resources */,
				B42C70F01C97C26B003AA87C /* Cartfile in Resources */,
				B42C70CE1C97BFDD003AA87C /* LaunchScreen.storyboard in Resources */,
			);
			runOnlyForDeploymentPostprocessing = 0;
		};
/* End PBXResourcesBuildPhase section */

/* Begin PBXSourcesBuildPhase section */
		B42C70BF1C97BFDD003AA87C /* Sources */ = {
			isa = PBXSourcesBuildPhase;
			buildActionMask = 2147483647;
			files = (
				B46E6C831C99DA83000E580E /* IndexView.swift in Sources */,
				B46E6C7E1C99DA64000E580E /* fetch.swift in Sources */,
				B46E6C7D1C99DA64000E580E /* elements.swift in Sources */,
				B46E6C801C99DA64000E580E /* overlay.swift in Sources */,
				B46E6C6F1C99D90A000E580E /* IndexController.swift in Sources */,
				B46E6C691C99D6E2000E580E /* App.swift in Sources */,
				B46E6C7F1C99DA64000E580E /* future.swift in Sources */,
			);
			runOnlyForDeploymentPostprocessing = 0;
		};
/* End PBXSourcesBuildPhase section */

/* Begin PBXVariantGroup section */
		B42C70CC1C97BFDD003AA87C /* LaunchScreen.storyboard */ = {
			isa = PBXVariantGroup;
			children = (
				B42C70CD1C97BFDD003AA87C /* Base */,
			);
			name = LaunchScreen.storyboard;
			sourceTree = "<group>";
		};
/* End PBXVariantGroup section */

/* Begin XCBuildConfiguration section */
		B42C70D01C97BFDD003AA87C /* Debug */ = {
			isa = XCBuildConfiguration;
			buildSettings = {
				ALWAYS_SEARCH_USER_PATHS = NO;
				CLANG_CXX_LANGUAGE_STANDARD = "gnu++0x";
				CLANG_CXX_LIBRARY = "libc++";
				CLANG_ENABLE_MODULES = YES;
				CLANG_ENABLE_OBJC_ARC = YES;
				CLANG_WARN_BOOL_CONVERSION = YES;
				CLANG_WARN_CONSTANT_CONVERSION = YES;
				CLANG_WARN_DIRECT_OBJC_ISA_USAGE = YES_ERROR;
				CLANG_WARN_EMPTY_BODY = YES;
				CLANG_WARN_ENUM_CONVERSION = YES;
				CLANG_WARN_INT_CONVERSION = YES;
				CLANG_WARN_OBJC_ROOT_CLASS = YES_ERROR;
				CLANG_WARN_UNREACHABLE_CODE = YES;
				CLANG_WARN__DUPLICATE_METHOD_MATCH = YES;
				"CODE_SIGN_IDENTITY[sdk=iphoneos*]" = "iPhone Developer";
				COPY_PHASE_STRIP = NO;
				DEBUG_INFORMATION_FORMAT = dwarf;
				ENABLE_STRICT_OBJC_MSGSEND = YES;
				ENABLE_TESTABILITY = YES;
				GCC_C_LANGUAGE_STANDARD = gnu99;
				GCC_DYNAMIC_NO_PIC = NO;
				GCC_NO_COMMON_BLOCKS = YES;
				GCC_OPTIMIZATION_LEVEL = 0;
				GCC_PREPROCESSOR_DEFINITIONS = (
					"DEBUG=1",
					"$(inherited)",
				);
				GCC_WARN_64_TO_32_BIT_CONVERSION = YES;
				GCC_WARN_ABOUT_RETURN_TYPE = YES_ERROR;
				GCC_WARN_UNDECLARED_SELECTOR = YES;
				GCC_WARN_UNINITIALIZED_AUTOS = YES_AGGRESSIVE;
				GCC_WARN_UNUSED_FUNCTION = YES;
				GCC_WARN_UNUSED_VARIABLE = YES;
				IPHONEOS_DEPLOYMENT_TARGET = 9.2;
				MTL_ENABLE_DEBUG_INFO = YES;
				ONLY_ACTIVE_ARCH = YES;
				SDKROOT = iphoneos;
				SWIFT_OPTIMIZATION_LEVEL = "-Onone";
				TARGETED_DEVICE_FAMILY = "1,2";
			};
			name = Debug;
		};
		B42C70D11C97BFDD003AA87C /* Release */ = {
			isa = XCBuildConfiguration;
			buildSettings = {
				ALWAYS_SEARCH_USER_PATHS = NO;
				CLANG_CXX_LANGUAGE_STANDARD = "gnu++0x";
				CLANG_CXX_LIBRARY = "libc++";
				CLANG_ENABLE_MODULES = YES;
				CLANG_ENABLE_OBJC_ARC = YES;
				CLANG_WARN_BOOL_CONVERSION = YES;
				CLANG_WARN_CONSTANT_CONVERSION = YES;
				CLANG_WARN_DIRECT_OBJC_ISA_USAGE = YES_ERROR;
				CLANG_WARN_EMPTY_BODY = YES;
				CLANG_WARN_ENUM_CONVERSION = YES;
				CLANG_WARN_INT_CONVERSION = YES;
				CLANG_WARN_OBJC_ROOT_CLASS = YES_ERROR;
				CLANG_WARN_UNREACHABLE_CODE = YES;
				CLANG_WARN__DUPLICATE_METHOD_MATCH = YES;
				"CODE_SIGN_IDENTITY[sdk=iphoneos*]" = "iPhone Developer";
				COPY_PHASE_STRIP = NO;
				DEBUG_INFORMATION_FORMAT = "dwarf-with-dsym";
				ENABLE_NS_ASSERTIONS = NO;
				ENABLE_STRICT_OBJC_MSGSEND = YES;
				GCC_C_LANGUAGE_STANDARD = gnu99;
				GCC_NO_COMMON_BLOCKS = YES;
				GCC_WARN_64_TO_32_BIT_CONVERSION = YES;
				GCC_WARN_ABOUT_RETURN_TYPE = YES_ERROR;
				GCC_WARN_UNDECLARED_SELECTOR = YES;
				GCC_WARN_UNINITIALIZED_AUTOS = YES_AGGRESSIVE;
				GCC_WARN_UNUSED_FUNCTION = YES;
				GCC_WARN_UNUSED_VARIABLE = YES;
				IPHONEOS_DEPLOYMENT_TARGET = 9.2;
				MTL_ENABLE_DEBUG_INFO = NO;
				SDKROOT = iphoneos;
				TARGETED_DEVICE_FAMILY = "1,2";
				VALIDATE_PRODUCT = YES;
			};
			name = Release;
		};
		B42C70D31C97BFDD003AA87C /* Debug */ = {
			isa = XCBuildConfiguration;
			buildSettings = {
				ASSETCATALOG_COMPILER_APPICON_NAME = AppIcon;
				FRAMEWORK_SEARCH_PATHS = (
					"$(inherited)",
					"$(PROJECT_DIR)/Carthage/Build/iOS",
				);
				INFOPLIST_FILE = "JSON Viewer/Info.plist";
				LD_RUNPATH_SEARCH_PATHS = "$(inherited) @executable_path/Frameworks";
				PRODUCT_BUNDLE_IDENTIFIER = "icidasset.JSON-Viewer";
				PRODUCT_NAME = "$(TARGET_NAME)";
			};
			name = Debug;
		};
		B42C70D41C97BFDD003AA87C /* Release */ = {
			isa = XCBuildConfiguration;
			buildSettings = {
				ASSETCATALOG_COMPILER_APPICON_NAME = AppIcon;
				FRAMEWORK_SEARCH_PATHS = (
					"$(inherited)",
					"$(PROJECT_DIR)/Carthage/Build/iOS",
				);
				INFOPLIST_FILE = "JSON Viewer/Info.plist";
				LD_RUNPATH_SEARCH_PATHS = "$(inherited) @executable_path/Frameworks";
				PRODUCT_BUNDLE_IDENTIFIER = "icidasset.JSON-Viewer";
				PRODUCT_NAME = "$(TARGET_NAME)";
			};
			name = Release;
		};
/* End XCBuildConfiguration section */

/* Begin XCConfigurationList section */
		B42C70BE1C97BFDD003AA87C /* Build configuration list for PBXProject "JSON Viewer" */ = {
			isa = XCConfigurationList;
			buildConfigurations = (
				B42C70D01C97BFDD003AA87C /* Debug */,
				B42C70D11C97BFDD003AA87C /* Release */,
			);
			defaultConfigurationIsVisible = 0;
			defaultConfigurationName = Release;
		};
		B42C70D21C97BFDD003AA87C /* Build configuration list for PBXNativeTarget "JSON Viewer" */ = {
			isa = XCConfigurationList;
			buildConfigurations = (
				B42C70D31C97BFDD003AA87C /* Debug */,
				B42C70D41C97BFDD003AA87C /* Release */,
			);
			defaultConfigurationIsVisible = 0;
			defaultConfigurationName = Release;
		};
/* End XCConfigurationList section */
	};
	rootObject = B42C70BB1C97BFDD003AA87C /* Project object */;
}
